github.com/golang-must/must v1.0.0 h1:CRVPmPY30XORfNfYF5sHWB/6DFao1f580tliVUupzwc=
github.com/golang-must/must v1.0.0/go.mod h1:+Li9TJt2jPOdGvIbcwqNSSDxjmA6PWs6QWxuqGDO1HQ=
github.com/ngamux/ctx v0.0.0-20230309025308-ca6997b8dec3 h1:l32XBAeVVmqCbM+DalAZNQyNfw8J2gqOoSqFB1kNWCg=
github.com/ngamux/ctx v0.0.0-20230309025308-ca6997b8dec3/go.mod h1:5819y8+M/8juh71uZ6Ehc0ndU98ZXvzW7ck+YVDeQPA=
github.com/ngamux/middleware v0.0.12 h1:VNsy5MoLN5qqjKirmGKkqlwSkPz6eao2/V5nACY+WE4=
github.com/ngamux/middleware v0.0.12/go.mod h1:td6n4yWc6dtRktXV82J6VQ9xcg1YG1tcIAb9B4GY4Ws=
github.com/ngamux/ngamux v1.7.53 h1:Jjal3UP1ZHTk7tXeVmje+pHl0cpvN0MiI6eW8JtLNaY=
github.com/ngamux/ngamux v1.7.53/go.mod h1:k3L+ZyuNtVdKlXKL9Wjly/IcLC3yAz9lFZmUPcLPCBE=
